
Microsoft Visual Studio Solution File, Format Version 12.00
# Visual Studio Version 17
VisualStudioVersion = 17.2.32505.173
MinimumVisualStudioVersion = 10.0.40219.1
Project("{9A19103F-16F7-4668-BE54-9A1E7A4F7556}") = "SAUGUMAS_pirmas", "SAUGUMAS_pirmas\SAUGUMAS_pirmas.csproj", "{B2ECE3D2-25BB-48F0-9483-D4DDA34E7867}"
EndProject
Global
	GlobalSection(SolutionConfigurationPlatforms) = preSolution
		Debug|Any CPU = Debug|Any CPU
		Release|Any CPU = Release|Any CPU
	EndGlobalSection
	GlobalSection(ProjectConfigurationPlatforms) = postSolution
		{B2ECE3D2-25BB-48F0-9483-D4DDA34E7867}.Debug|Any CPU.ActiveCfg = Debug|Any CPU
		{B2ECE3D2-25BB-48F0-9483-D4DDA34E7867}.Debug|Any CPU.Build.0 = Debug|Any CPU
		{B2ECE3D2-25BB-48F0-9483-D4DDA34E7867}.Release|Any CPU.ActiveCfg = Release|Any CPU
		{B2ECE3D2-25BB-48F0-9483-D4DDA34E7867}.Release|Any CPU.Build.0 = Release|Any CPU
	EndGlobalSection
	GlobalSection(SolutionProperties) = preSolution
		HideSolutionNode = FALSE
	EndGlobalSection
	GlobalSection(ExtensibilityGlobals) = postSolution
		SolutionGuid = {4049946E-AC35-40A7-9704-2540A0887588}
	EndGlobalSection
EndGlobal
